
Microsoft Visual Studio Solution File, Format Version 12.00
# Visual Studio 2013
VisualStudioVersion = 12.0.21005.1
MinimumVisualStudioVersion = 10.0.40219.1
Project("{FAE04EC0-301F-11D3-BF4B-00C04F79EFBC}") = "DemoWeb", "DemoWeb\DemoWeb.csproj", "{8A821E60-C73F-4A13-910C-A56EE6823C41}"
EndProject
Project("{FAE04EC0-301F-11D3-BF4B-00C04F79EFBC}") = "IBLL", "IBLL\IBLL.csproj", "{E92D787A-5749-4C62-BF1C-443A08122818}"
EndProject
Project("{FAE04EC0-301F-11D3-BF4B-00C04F79EFBC}") = "BLL", "BLL\BLL.csproj", "{93589359-E7DC-43E8-95B7-97DA0623DF1C}"
EndProject
Project("{FAE04EC0-301F-11D3-BF4B-00C04F79EFBC}") = "IDAL", "IDAL\IDAL.csproj", "{B76D9C71-E211-4C0D-8A22-73DAF76A7096}"
EndProject
Project("{FAE04EC0-301F-11D3-BF4B-00C04F79EFBC}") = "DAL", "DAL\DAL.csproj", "{E4C2D5EF-69B6-49E0-B0ED-3D07CEAC6903}"
EndProject
Project("{FAE04EC0-301F-11D3-BF4B-00C04F79EFBC}") = "Model", "Model\Model.csproj", "{82D9F659-AE71-4505-89DD-0A98669859B3}"
EndProject
Project("{FAE04EC0-301F-11D3-BF4B-00C04F79EFBC}") = "Common", "Common\Common.csproj", "{BEAD6440-0EF5-4C8B-B8A0-4CC79C4A250F}"
EndProject
Project("{2150E333-8FDC-42A3-9474-1A3956D46DE8}") = "5.UI", "5.UI", "{1E7B3FB7-9B14-4A64-B420-C6F8F410EE0F}"
EndProject
Project("{2150E333-8FDC-42A3-9474-1A3956D46DE8}") = "3.BLL_Layer", "3.BLL_Layer", "{6DB21A1E-1F26-41CB-AACD-F03FA9FBA092}"
EndProject
Project("{2150E333-8FDC-42A3-9474-1A3956D46DE8}") = "2.DAL_Layer", "2.DAL_Layer", "{98DAAD4E-4184-4065-B18E-492334895C3A}"
EndProject
Project("{2150E333-8FDC-42A3-9474-1A3956D46DE8}") = "1.Model_Layer", "1.Model_Layer", "{51DAF103-91CD-46D5-AA69-4D9FCA164CB4}"
EndProject
Project("{2150E333-8FDC-42A3-9474-1A3956D46DE8}") = "4.Common_layer", "4.Common_layer", "{004476B0-D1CC-492E-856A-BD3A5D18FA4B}"
EndProject
Project("{FAE04EC0-301F-11D3-BF4B-00C04F79EFBC}") = "WebHelper", "WebHelper\WebHelper.csproj", "{AEA4EAEC-E356-42A2-9D40-EBADB618A140}"
EndProject
Global
	GlobalSection(SolutionConfigurationPlatforms) = preSolution
		Debug|Any CPU = Debug|Any CPU
		Release|Any CPU = Release|Any CPU
	EndGlobalSection
	GlobalSection(ProjectConfigurationPlatforms) = postSolution
		{8A821E60-C73F-4A13-910C-A56EE6823C41}.Debug|Any CPU.ActiveCfg = Debug|Any CPU
		{8A821E60-C73F-4A13-910C-A56EE6823C41}.Debug|Any CPU.Build.0 = Debug|Any CPU
		{8A821E60-C73F-4A13-910C-A56EE6823C41}.Release|Any CPU.ActiveCfg = Release|Any CPU
		{8A821E60-C73F-4A13-910C-A56EE6823C41}.Release|Any CPU.Build.0 = Release|Any CPU
		{E92D787A-5749-4C62-BF1C-443A08122818}.Debug|Any CPU.ActiveCfg = Debug|Any CPU
		{E92D787A-5749-4C62-BF1C-443A08122818}.Debug|Any CPU.Build.0 = Debug|Any CPU
		{E92D787A-5749-4C62-BF1C-443A08122818}.Release|Any CPU.ActiveCfg = Release|Any CPU
		{E92D787A-5749-4C62-BF1C-443A08122818}.Release|Any CPU.Build.0 = Release|Any CPU
		{93589359-E7DC-43E8-95B7-97DA0623DF1C}.Debug|Any CPU.ActiveCfg = Debug|Any CPU
		{93589359-E7DC-43E8-95B7-97DA0623DF1C}.Debug|Any CPU.Build.0 = Debug|Any CPU
		{93589359-E7DC-43E8-95B7-97DA0623DF1C}.Release|Any CPU.ActiveCfg = Release|Any CPU
		{93589359-E7DC-43E8-95B7-97DA0623DF1C}.Release|Any CPU.Build.0 = Release|Any CPU
		{B76D9C71-E211-4C0D-8A22-73DAF76A7096}.Debug|Any CPU.ActiveCfg = Debug|Any CPU
		{B76D9C71-E211-4C0D-8A22-73DAF76A7096}.Debug|Any CPU.Build.0 = Debug|Any CPU
		{B76D9C71-E211-4C0D-8A22-73DAF76A7096}.Release|Any CPU.ActiveCfg = Release|Any CPU
		{B76D9C71-E211-4C0D-8A22-73DAF76A7096}.Release|Any CPU.Build.0 = Release|Any CPU
		{E4C2D5EF-69B6-49E0-B0ED-3D07CEAC6903}.Debug|Any CPU.ActiveCfg = Debug|Any CPU
		{E4C2D5EF-69B6-49E0-B0ED-3D07CEAC6903}.Debug|Any CPU.Build.0 = Debug|Any CPU
		{E4C2D5EF-69B6-49E0-B0ED-3D07CEAC6903}.Release|Any CPU.ActiveCfg = Release|Any CPU
		{E4C2D5EF-69B6-49E0-B0ED-3D07CEAC6903}.Release|Any CPU.Build.0 = Release|Any CPU
		{82D9F659-AE71-4505-89DD-0A98669859B3}.Debug|Any CPU.ActiveCfg = Debug|Any CPU
		{82D9F659-AE71-4505-89DD-0A98669859B3}.Debug|Any CPU.Build.0 = Debug|Any CPU
		{82D9F659-AE71-4505-89DD-0A98669859B3}.Release|Any CPU.ActiveCfg = Release|Any CPU
		{82D9F659-AE71-4505-89DD-0A98669859B3}.Release|Any CPU.Build.0 = Release|Any CPU
		{BEAD6440-0EF5-4C8B-B8A0-4CC79C4A250F}.Debug|Any CPU.ActiveCfg = Debug|Any CPU
		{BEAD6440-0EF5-4C8B-B8A0-4CC79C4A250F}.Debug|Any CPU.Build.0 = Debug|Any CPU
		{BEAD6440-0EF5-4C8B-B8A0-4CC79C4A250F}.Release|Any CPU.ActiveCfg = Release|Any CPU
		{BEAD6440-0EF5-4C8B-B8A0-4CC79C4A250F}.Release|Any CPU.Build.0 = Release|Any CPU
		{AEA4EAEC-E356-42A2-9D40-EBADB618A140}.Debug|Any CPU.ActiveCfg = Debug|Any CPU
		{AEA4EAEC-E356-42A2-9D40-EBADB618A140}.Debug|Any CPU.Build.0 = Debug|Any CPU
		{AEA4EAEC-E356-42A2-9D40-EBADB618A140}.Release|Any CPU.ActiveCfg = Release|Any CPU
		{AEA4EAEC-E356-42A2-9D40-EBADB618A140}.Release|Any CPU.Build.0 = Release|Any CPU
	EndGlobalSection
	GlobalSection(SolutionProperties) = preSolution
		HideSolutionNode = FALSE
	EndGlobalSection
	GlobalSection(NestedProjects) = preSolution
		{8A821E60-C73F-4A13-910C-A56EE6823C41} = {1E7B3FB7-9B14-4A64-B420-C6F8F410EE0F}
		{AEA4EAEC-E356-42A2-9D40-EBADB618A140} = {1E7B3FB7-9B14-4A64-B420-C6F8F410EE0F}
		{93589359-E7DC-43E8-95B7-97DA0623DF1C} = {6DB21A1E-1F26-41CB-AACD-F03FA9FBA092}
		{E92D787A-5749-4C62-BF1C-443A08122818} = {6DB21A1E-1F26-41CB-AACD-F03FA9FBA092}
		{B76D9C71-E211-4C0D-8A22-73DAF76A7096} = {98DAAD4E-4184-4065-B18E-492334895C3A}
		{E4C2D5EF-69B6-49E0-B0ED-3D07CEAC6903} = {98DAAD4E-4184-4065-B18E-492334895C3A}
		{82D9F659-AE71-4505-89DD-0A98669859B3} = {51DAF103-91CD-46D5-AA69-4D9FCA164CB4}
		{BEAD6440-0EF5-4C8B-B8A0-4CC79C4A250F} = {004476B0-D1CC-492E-856A-BD3A5D18FA4B}
	EndGlobalSection
EndGlobal
